// !$*UTF8*$!
{
	archiveVersion = 1;
	classes = {
	};
	objectVersion = 46;
	objects = {

/* Begin PBXBuildFile section */
		01D2823D22D4EF2A00D41F6E /* APToast.framework in Frameworks */ = {isa = PBXBuildFile; fileRef = 01D2823422D4EF2900D41F6E /* APToast.framework */; };
		01D2824222D4EF2A00D41F6E /* APToast_FrameworkTests.m in Sources */ = {isa = PBXBuildFile; fileRef = 01D2824122D4EF2A00D41F6E /* APToast_FrameworkTests.m */; };
		01D2824422D4EF2A00D41F6E /* APToast_Framework.h in Headers */ = {isa = PBXBuildFile; fileRef = 01D2823622D4EF2900D41F6E /* APToast_Framework.h */; settings = {ATTRIBUTES = (Public, ); }; };
		01D2824B22D4EF5400D41F6E /* APToast.h in Sources */ = {isa = PBXBuildFile; fileRef = 2A1F576F190179490024AB16 /* APToast.h */; };
		01D2824C22D4EF5400D41F6E /* APToast.m in Sources */ = {isa = PBXBuildFile; fileRef = 2A1F5770190179490024AB16 /* APToast.m */; };
		01D2824D22D4EF5400D41F6E /* APToaster.h in Sources */ = {isa = PBXBuildFile; fileRef = 2A1F5771190179490024AB16 /* APToaster.h */; };
		01D2824E22D4EF5400D41F6E /* APToaster.m in Sources */ = {isa = PBXBuildFile; fileRef = 2A1F5772190179490024AB16 /* APToaster.m */; };
		01D2824F22D4EF5400D41F6E /* NSString+APToast.h in Sources */ = {isa = PBXBuildFile; fileRef = 2A1F5773190179490024AB16 /* NSString+APToast.h */; };
		01D2825022D4EF5400D41F6E /* NSString+APToast.m in Sources */ = {isa = PBXBuildFile; fileRef = 2A1F5774190179490024AB16 /* NSString+APToast.m */; };
		01D2825122D4EF5400D41F6E /* UIView+APToast.h in Sources */ = {isa = PBXBuildFile; fileRef = 2A1F5775190179490024AB16 /* UIView+APToast.h */; };
		01D2825222D4EF5400D41F6E /* UIView+APToast.m in Sources */ = {isa = PBXBuildFile; fileRef = 2A1F5776190179490024AB16 /* UIView+APToast.m */; };
		01D2825322D4EF5400D41F6E /* UIView+APToastStyle.h in Sources */ = {isa = PBXBuildFile; fileRef = 2A1F5778190179490024AB16 /* UIView+APToastStyle.h */; };
		01D2825422D4EF5400D41F6E /* UIView+APToastStyle.m in Sources */ = {isa = PBXBuildFile; fileRef = 2A1F5779190179490024AB16 /* UIView+APToastStyle.m */; };
		01D2825522D4FF8D00D41F6E /* APToast.h in Headers */ = {isa = PBXBuildFile; fileRef = 2A1F576F190179490024AB16 /* APToast.h */; settings = {ATTRIBUTES = (Public, ); }; };
		01D2825622D4FFF200D41F6E /* NSString+APToast.h in Headers */ = {isa = PBXBuildFile; fileRef = 2A1F5773190179490024AB16 /* NSString+APToast.h */; settings = {ATTRIBUTES = (Public, ); }; };
		01D2825722D4FFF500D41F6E /* UIView+APToastStyle.h in Headers */ = {isa = PBXBuildFile; fileRef = 2A1F5778190179490024AB16 /* UIView+APToastStyle.h */; settings = {ATTRIBUTES = (Private, ); }; };
		01D2825822D5000000D41F6E /* APToaster.h in Headers */ = {isa = PBXBuildFile; fileRef = 2A1F5771190179490024AB16 /* APToaster.h */; settings = {ATTRIBUTES = (Private, ); }; };
		2A1F577A190179490024AB16 /* APToast.m in Sources */ = {isa = PBXBuildFile; fileRef = 2A1F5770190179490024AB16 /* APToast.m */; };
		2A1F577B190179490024AB16 /* APToaster.m in Sources */ = {isa = PBXBuildFile; fileRef = 2A1F5772190179490024AB16 /* APToaster.m */; };
		2A1F577C190179490024AB16 /* NSString+APToast.m in Sources */ = {isa = PBXBuildFile; fileRef = 2A1F5774190179490024AB16 /* NSString+APToast.m */; };
		2A1F577D190179490024AB16 /* UIView+APToast.m in Sources */ = {isa = PBXBuildFile; fileRef = 2A1F5776190179490024AB16 /* UIView+APToast.m */; };
		2A1F577F190179490024AB16 /* UIView+APToastStyle.m in Sources */ = {isa = PBXBuildFile; fileRef = 2A1F5779190179490024AB16 /* UIView+APToastStyle.m */; };
		2A1F57821902994F0024AB16 /* APToastExampleViewController.m in Sources */ = {isa = PBXBuildFile; fileRef = 2A1F57811902994F0024AB16 /* APToastExampleViewController.m */; };
		2A920BCD18EDA2FD00C7CEE7 /* Foundation.framework in Frameworks */ = {isa = PBXBuildFile; fileRef = 2A920BCC18EDA2FD00C7CEE7 /* Foundation.framework */; };
		2A920BCF18EDA2FD00C7CEE7 /* CoreGraphics.framework in Frameworks */ = {isa = PBXBuildFile; fileRef = 2A920BCE18EDA2FD00C7CEE7 /* CoreGraphics.framework */; };
		2A920BD118EDA2FD00C7CEE7 /* UIKit.framework in Frameworks */ = {isa = PBXBuildFile; fileRef = 2A920BD018EDA2FD00C7CEE7 /* UIKit.framework */; };
		2A920BD718EDA2FD00C7CEE7 /* InfoPlist.strings in Resources */ = {isa = PBXBuildFile; fileRef = 2A920BD518EDA2FD00C7CEE7 /* InfoPlist.strings */; };
		2A920BD918EDA2FD00C7CEE7 /* main.m in Sources */ = {isa = PBXBuildFile; fileRef = 2A920BD818EDA2FD00C7CEE7 /* main.m */; };
		2A920BDD18EDA2FD00C7CEE7 /* APAppDelegate.m in Sources */ = {isa = PBXBuildFile; fileRef = 2A920BDC18EDA2FD00C7CEE7 /* APAppDelegate.m */; };
		2A920BE518EDA2FD00C7CEE7 /* Images.xcassets in Resources */ = {isa = PBXBuildFile; fileRef = 2A920BE418EDA2FD00C7CEE7 /* Images.xcassets */; };
/* End PBXBuildFile section */

/* Begin PBXContainerItemProxy section */
		01D2823E22D4EF2A00D41F6E /* PBXContainerItemProxy */ = {
			isa = PBXContainerItemProxy;
			containerPortal = 2A920BC118EDA2FD00C7CEE7 /* Project object */;
			proxyType = 1;
			remoteGlobalIDString = 01D2823322D4EF2900D41F6E;
			remoteInfo = "APToast Framework";
		};
/* End PBXContainerItemProxy section */

/* Begin PBXFileReference section */
		01D2823422D4EF2900D41F6E /* APToast.framework */ = {isa = PBXFileReference; explicitFileType = wrapper.framework; includeInIndex = 0; path = APToast.framework; sourceTree = BUILT_PRODUCTS_DIR; };
		01D2823622D4EF2900D41F6E /* APToast_Framework.h */ = {isa = PBXFileReference; lastKnownFileType = sourcecode.c.h; path = APToast_Framework.h; sourceTree = "<group>"; };
		01D2823722D4EF2900D41F6E /* Info.plist */ = {isa = PBXFileReference; lastKnownFileType = text.plist.xml; path = Info.plist; sourceTree = "<group>"; };
		01D2823C22D4EF2A00D41F6E /* APToast FrameworkTests.xctest */ = {isa = PBXFileReference; explicitFileType = wrapper.cfbundle; includeInIndex = 0; path = "APToast FrameworkTests.xctest"; sourceTree = BUILT_PRODUCTS_DIR; };
		01D2824122D4EF2A00D41F6E /* APToast_FrameworkTests.m */ = {isa = PBXFileReference; lastKnownFileType = sourcecode.c.objc; path = APToast_FrameworkTests.m; sourceTree = "<group>"; };
		01D2824322D4EF2A00D41F6E /* Info.plist */ = {isa = PBXFileReference; lastKnownFileType = text.plist.xml; path = Info.plist; sourceTree = "<group>"; };
		2A1F576F190179490024AB16 /* APToast.h */ = {isa = PBXFileReference; fileEncoding = 4; lastKnownFileType = sourcecode.c.h; path = APToast.h; sourceTree = "<group>"; };
		2A1F5770190179490024AB16 /* APToast.m */ = {isa = PBXFileReference; fileEncoding = 4; lastKnownFileType = sourcecode.c.objc; path = APToast.m; sourceTree = "<group>"; };
		2A1F5771190179490024AB16 /* APToaster.h */ = {isa = PBXFileReference; fileEncoding = 4; lastKnownFileType = sourcecode.c.h; path = APToaster.h; sourceTree = "<group>"; };
		2A1F5772190179490024AB16 /* APToaster.m */ = {isa = PBXFileReference; fileEncoding = 4; lastKnownFileType = sourcecode.c.objc; path = APToaster.m; sourceTree = "<group>"; };
		2A1F5773190179490024AB16 /* NSString+APToast.h */ = {isa = PBXFileReference; fileEncoding = 4; lastKnownFileType = sourcecode.c.h; path = "NSString+APToast.h"; sourceTree = "<group>"; };
		2A1F5774190179490024AB16 /* NSString+APToast.m */ = {isa = PBXFileReference; fileEncoding = 4; lastKnownFileType = sourcecode.c.objc; path = "NSString+APToast.m"; sourceTree = "<group>"; };
		2A1F5775190179490024AB16 /* UIView+APToast.h */ = {isa = PBXFileReference; fileEncoding = 4; lastKnownFileType = sourcecode.c.h; path = "UIView+APToast.h"; sourceTree = "<group>"; };
		2A1F5776190179490024AB16 /* UIView+APToast.m */ = {isa = PBXFileReference; fileEncoding = 4; lastKnownFileType = sourcecode.c.objc; path = "UIView+APToast.m"; sourceTree = "<group>"; };
		2A1F5778190179490024AB16 /* UIView+APToastStyle.h */ = {isa = PBXFileReference; fileEncoding = 4; lastKnownFileType = sourcecode.c.h; path = "UIView+APToastStyle.h"; sourceTree = "<group>"; };
		2A1F5779190179490024AB16 /* UIView+APToastStyle.m */ = {isa = PBXFileReference; fileEncoding = 4; lastKnownFileType = sourcecode.c.objc; path = "UIView+APToastStyle.m"; sourceTree = "<group>"; };
		2A1F57801902994F0024AB16 /* APToastExampleViewController.h */ = {isa = PBXFileReference; fileEncoding = 4; lastKnownFileType = sourcecode.c.h; path = APToastExampleViewController.h; sourceTree = "<group>"; };
		2A1F57811902994F0024AB16 /* APToastExampleViewController.m */ = {isa = PBXFileReference; fileEncoding = 4; lastKnownFileType = sourcecode.c.objc; path = APToastExampleViewController.m; sourceTree = "<group>"; };
		2A920BC918EDA2FD00C7CEE7 /* APToast-Demo.app */ = {isa = PBXFileReference; explicitFileType = wrapper.application; includeInIndex = 0; path = "APToast-Demo.app"; sourceTree = BUILT_PRODUCTS_DIR; };
		2A920BCC18EDA2FD00C7CEE7 /* Foundation.framework */ = {isa = PBXFileReference; lastKnownFileType = wrapper.framework; name = Foundation.framework; path = System/Library/Frameworks/Foundation.framework; sourceTree = SDKROOT; };
		2A920BCE18EDA2FD00C7CEE7 /* CoreGraphics.framework */ = {isa = PBXFileReference; lastKnownFileType = wrapper.framework; name = CoreGraphics.framework; path = System/Library/Frameworks/CoreGraphics.framework; sourceTree = SDKROOT; };
		2A920BD018EDA2FD00C7CEE7 /* UIKit.framework */ = {isa = PBXFileReference; lastKnownFileType = wrapper.framework; name = UIKit.framework; path = System/Library/Frameworks/UIKit.framework; sourceTree = SDKROOT; };
		2A920BD418EDA2FD00C7CEE7 /* APToast-Info.plist */ = {isa = PBXFileReference; lastKnownFileType = text.plist.xml; path = "APToast-Info.plist"; sourceTree = "<group>"; };
		2A920BD618EDA2FD00C7CEE7 /* en */ = {isa = PBXFileReference; lastKnownFileType = text.plist.strings; name = en; path = en.lproj/InfoPlist.strings; sourceTree = "<group>"; };
		2A920BD818EDA2FD00C7CEE7 /* main.m */ = {isa = PBXFileReference; lastKnownFileType = sourcecode.c.objc; path = main.m; sourceTree = "<group>"; };
		2A920BDA18EDA2FD00C7CEE7 /* APToast-Prefix.pch */ = {isa = PBXFileReference; lastKnownFileType = sourcecode.c.h; path = "APToast-Prefix.pch"; sourceTree = "<group>"; };
		2A920BDB18EDA2FD00C7CEE7 /* APAppDelegate.h */ = {isa = PBXFileReference; lastKnownFileType = sourcecode.c.h; path = APAppDelegate.h; sourceTree = "<group>"; };
		2A920BDC18EDA2FD00C7CEE7 /* APAppDelegate.m */ = {isa = PBXFileReference; lastKnownFileType = sourcecode.c.objc; path = APAppDelegate.m; sourceTree = "<group>"; };
		2A920BE418EDA2FD00C7CEE7 /* Images.xcassets */ = {isa = PBXFileReference; lastKnownFileType = folder.assetcatalog; path = Images.xcassets; sourceTree = "<group>"; };
		2A920BEB18EDA2FE00C7CEE7 /* XCTest.framework */ = {isa = PBXFileReference; lastKnownFileType = wrapper.framework; name = XCTest.framework; path = Library/Frameworks/XCTest.framework; sourceTree = DEVELOPER_DIR; };
/* End PBXFileReference section */

/* Begin PBXFrameworksBuildPhase section */
		01D2823122D4EF2900D41F6E /* Frameworks */ = {
			isa = PBXFrameworksBuildPhase;
			buildActionMask = 2147483647;
			files = (
			);
			runOnlyForDeploymentPostprocessing = 0;
		};
		01D2823922D4EF2A00D41F6E /* Frameworks */ = {
			isa = PBXFrameworksBuildPhase;
			buildActionMask = 2147483647;
			files = (
				01D2823D22D4EF2A00D41F6E /* APToast.framework in Frameworks */,
			);
			runOnlyForDeploymentPostprocessing = 0;
		};
		2A920BC618EDA2FD00C7CEE7 /* Frameworks */ = {
			isa = PBXFrameworksBuildPhase;
			buildActionMask = 2147483647;
			files = (
				2A920BCF18EDA2FD00C7CEE7 /* CoreGraphics.framework in Frameworks */,
				2A920BD118EDA2FD00C7CEE7 /* UIKit.framework in Frameworks */,
				2A920BCD18EDA2FD00C7CEE7 /* Foundation.framework in Frameworks */,
			);
			runOnlyForDeploymentPostprocessing = 0;
		};
/* End PBXFrameworksBuildPhase section */

/* Begin PBXGroup section */
		01D2823522D4EF2900D41F6E /* APToast Framework */ = {
			isa = PBXGroup;
			children = (
				01D2823622D4EF2900D41F6E /* APToast_Framework.h */,
				01D2823722D4EF2900D41F6E /* Info.plist */,
			);
			path = "APToast Framework";
			sourceTree = "<group>";
		};
		01D2824022D4EF2A00D41F6E /* APToast FrameworkTests */ = {
			isa = PBXGroup;
			children = (
				01D2824122D4EF2A00D41F6E /* APToast_FrameworkTests.m */,
				01D2824322D4EF2A00D41F6E /* Info.plist */,
			);
			path = "APToast FrameworkTests";
			sourceTree = "<group>";
		};
		2A1F576E190179490024AB16 /* APToast */ = {
			isa = PBXGroup;
			children = (
				2A1F576F190179490024AB16 /* APToast.h */,
				2A1F5770190179490024AB16 /* APToast.m */,
				2A1F5771190179490024AB16 /* APToaster.h */,
				2A1F5772190179490024AB16 /* APToaster.m */,
				2A1F5773190179490024AB16 /* NSString+APToast.h */,
				2A1F5774190179490024AB16 /* NSString+APToast.m */,
				2A1F5775190179490024AB16 /* UIView+APToast.h */,
				2A1F5776190179490024AB16 /* UIView+APToast.m */,
				2A1F5778190179490024AB16 /* UIView+APToastStyle.h */,
				2A1F5779190179490024AB16 /* UIView+APToastStyle.m */,
			);
			path = APToast;
			sourceTree = "<group>";
		};
		2A920BC018EDA2FD00C7CEE7 = {
			isa = PBXGroup;
			children = (
				2A920BD218EDA2FD00C7CEE7 /* APToast */,
				01D2823522D4EF2900D41F6E /* APToast Framework */,
				01D2824022D4EF2A00D41F6E /* APToast FrameworkTests */,
				2A920BCB18EDA2FD00C7CEE7 /* Frameworks */,
				2A920BCA18EDA2FD00C7CEE7 /* Products */,
			);
			sourceTree = "<group>";
		};
		2A920BCA18EDA2FD00C7CEE7 /* Products */ = {
			isa = PBXGroup;
			children = (
				2A920BC918EDA2FD00C7CEE7 /* APToast-Demo.app */,
				01D2823422D4EF2900D41F6E /* APToast.framework */,
				01D2823C22D4EF2A00D41F6E /* APToast FrameworkTests.xctest */,
			);
			name = Products;
			sourceTree = "<group>";
		};
		2A920BCB18EDA2FD00C7CEE7 /* Frameworks */ = {
			isa = PBXGroup;
			children = (
				2A920BCC18EDA2FD00C7CEE7 /* Foundation.framework */,
				2A920BCE18EDA2FD00C7CEE7 /* CoreGraphics.framework */,
				2A920BD018EDA2FD00C7CEE7 /* UIKit.framework */,
				2A920BEB18EDA2FE00C7CEE7 /* XCTest.framework */,
			);
			name = Frameworks;
			sourceTree = "<group>";
		};
		2A920BD218EDA2FD00C7CEE7 /* APToast */ = {
			isa = PBXGroup;
			children = (
				2A1F576E190179490024AB16 /* APToast */,
				2A920BDB18EDA2FD00C7CEE7 /* APAppDelegate.h */,
				2A920BDC18EDA2FD00C7CEE7 /* APAppDelegate.m */,
				2A1F57801902994F0024AB16 /* APToastExampleViewController.h */,
				2A1F57811902994F0024AB16 /* APToastExampleViewController.m */,
				2A920BE418EDA2FD00C7CEE7 /* Images.xcassets */,
				2A920BD318EDA2FD00C7CEE7 /* Supporting Files */,
			);
			path = APToast;
			sourceTree = "<group>";
		};
		2A920BD318EDA2FD00C7CEE7 /* Supporting Files */ = {
			isa = PBXGroup;
			children = (
				2A920BD418EDA2FD00C7CEE7 /* APToast-Info.plist */,
				2A920BD518EDA2FD00C7CEE7 /* InfoPlist.strings */,
				2A920BD818EDA2FD00C7CEE7 /* main.m */,
				2A920BDA18EDA2FD00C7CEE7 /* APToast-Prefix.pch */,
			);
			name = "Supporting Files";
			sourceTree = "<group>";
		};
/* End PBXGroup section */

/* Begin PBXHeadersBuildPhase section */
		01D2822F22D4EF2900D41F6E /* Headers */ = {
			isa = PBXHeadersBuildPhase;
			buildActionMask = 2147483647;
			files = (
				01D2824422D4EF2A00D41F6E /* APToast_Framework.h in Headers */,
				01D2825522D4FF8D00D41F6E /* APToast.h in Headers */,
				01D2825622D4FFF200D41F6E /* NSString+APToast.h in Headers */,
				01D2825722D4FFF500D41F6E /* UIView+APToastStyle.h in Headers */,
				01D2825822D5000000D41F6E /* APToaster.h in Headers */,
			);
			runOnlyForDeploymentPostprocessing = 0;
		};
/* End PBXHeadersBuildPhase section */

/* Begin PBXNativeTarget section */
		01D2823322D4EF2900D41F6E /* APToast */ = {
			isa = PBXNativeTarget;
			buildConfigurationList = 01D2824922D4EF2A00D41F6E /* Build configuration list for PBXNativeTarget "APToast" */;
			buildPhases = (
				01D2822F22D4EF2900D41F6E /* Headers */,
				01D2823022D4EF2900D41F6E /* Sources */,
				01D2823122D4EF2900D41F6E /* Frameworks */,
				01D2823222D4EF2900D41F6E /* Resources */,
			);
			buildRules = (
			);
			dependencies = (
			);
			name = APToast;
			productName = "APToast Framework";
			productReference = 01D2823422D4EF2900D41F6E /* APToast.framework */;
			productType = "com.apple.product-type.framework";
		};
		01D2823B22D4EF2A00D41F6E /* APToast FrameworkTests */ = {
			isa = PBXNativeTarget;
			buildConfigurationList = 01D2824A22D4EF2A00D41F6E /* Build configuration list for PBXNativeTarget "APToast FrameworkTests" */;
			buildPhases = (
				01D2823822D4EF2A00D41F6E /* Sources */,
				01D2823922D4EF2A00D41F6E /* Frameworks */,
				01D2823A22D4EF2A00D41F6E /* Resources */,
			);
			buildRules = (
			);
			dependencies = (
				01D2823F22D4EF2A00D41F6E /* PBXTargetDependency */,
			);
			name = "APToast FrameworkTests";
			productName = "APToast FrameworkTests";
			productReference = 01D2823C22D4EF2A00D41F6E /* APToast FrameworkTests.xctest */;
			productType = "com.apple.product-type.bundle.unit-test";
		};
		2A920BC818EDA2FD00C7CEE7 /* APToast-Demo */ = {
			isa = PBXNativeTarget;
			buildConfigurationList = 2A920BFB18EDA2FE00C7CEE7 /* Build configuration list for PBXNativeTarget "APToast-Demo" */;
			buildPhases = (
				2A920BC518EDA2FD00C7CEE7 /* Sources */,
				2A920BC618EDA2FD00C7CEE7 /* Frameworks */,
				2A920BC718EDA2FD00C7CEE7 /* Resources */,
			);
			buildRules = (
			);
			dependencies = (
			);
			name = "APToast-Demo";
			productName = APToast;
			productReference = 2A920BC918EDA2FD00C7CEE7 /* APToast-Demo.app */;
			productType = "com.apple.product-type.application";
		};
/* End PBXNativeTarget section */

/* Begin PBXProject section */
		2A920BC118EDA2FD00C7CEE7 /* Project object */ = {
			isa = PBXProject;
			attributes = {
				CLASSPREFIX = AP;
				LastUpgradeCheck = 0510;
				ORGANIZATIONNAME = "Andrew Podkovyrin";
				TargetAttributes = {
					01D2823322D4EF2900D41F6E = {
						CreatedOnToolsVersion = 10.2.1;
						DevelopmentTeam = 6999X7WA58;
						ProvisioningStyle = Automatic;
					};
					01D2823B22D4EF2A00D41F6E = {
						CreatedOnToolsVersion = 10.2.1;
						DevelopmentTeam = 6999X7WA58;
						ProvisioningStyle = Automatic;
					};
				};
			};
			buildConfigurationList = 2A920BC418EDA2FD00C7CEE7 /* Build configuration list for PBXProject "APToast" */;
			compatibilityVersion = "Xcode 3.2";
			developmentRegion = English;
			hasScannedForEncodings = 0;
			knownRegions = (
				English,
				en,
				Base,
			);
			mainGroup = 2A920BC018EDA2FD00C7CEE7;
			productRefGroup = 2A920BCA18EDA2FD00C7CEE7 /* Products */;
			projectDirPath = "";
			projectRoot = "";
			targets = (
				2A920BC818EDA2FD00C7CEE7 /* APToast-Demo */,
				01D2823322D4EF2900D41F6E /* APToast */,
				01D2823B22D4EF2A00D41F6E /* APToast FrameworkTests */,
			);
		};
/* End PBXProject section */

/* Begin PBXResourcesBuildPhase section */
		01D2823222D4EF2900D41F6E /* Resources */ = {
			isa = PBXResourcesBuildPhase;
			buildActionMask = 2147483647;
			files = (
			);
			runOnlyForDeploymentPostprocessing = 0;
		};
		01D2823A22D4EF2A00D41F6E /* Resources */ = {
			isa = PBXResourcesBuildPhase;
			buildActionMask = 2147483647;
			files = (
			);
			runOnlyForDeploymentPostprocessing = 0;
		};
		2A920BC718EDA2FD00C7CEE7 /* Resources */ = {
			isa = PBXResourcesBuildPhase;
			buildActionMask = 2147483647;
			files = (
				2A920BE518EDA2FD00C7CEE7 /* Images.xcassets in Resources */,
				2A920BD718EDA2FD00C7CEE7 /* InfoPlist.strings in Resources */,
			);
			runOnlyForDeploymentPostprocessing = 0;
		};
/* End PBXResourcesBuildPhase section */

/* Begin PBXSourcesBuildPhase section */
		01D2823022D4EF2900D41F6E /* Sources */ = {
			isa = PBXSourcesBuildPhase;
			buildActionMask = 2147483647;
			files = (
				01D2824B22D4EF5400D41F6E /* APToast.h in Sources */,
				01D2824C22D4EF5400D41F6E /* APToast.m in Sources */,
				01D2824D22D4EF5400D41F6E /* APToaster.h in Sources */,
				01D2824E22D4EF5400D41F6E /* APToaster.m in Sources */,
				01D2824F22D4EF5400D41F6E /* NSString+APToast.h in Sources */,
				01D2825022D4EF5400D41F6E /* NSString+APToast.m in Sources */,
				01D2825122D4EF5400D41F6E /* UIView+APToast.h in Sources */,
				01D2825222D4EF5400D41F6E /* UIView+APToast.m in Sources */,
				01D2825322D4EF5400D41F6E /* UIView+APToastStyle.h in Sources */,
				01D2825422D4EF5400D41F6E /* UIView+APToastStyle.m in Sources */,
			);
			runOnlyForDeploymentPostprocessing = 0;
		};
		01D2823822D4EF2A00D41F6E /* Sources */ = {
			isa = PBXSourcesBuildPhase;
			buildActionMask = 2147483647;
			files = (
				01D2824222D4EF2A00D41F6E /* APToast_FrameworkTests.m in Sources */,
			);
			runOnlyForDeploymentPostprocessing = 0;
		};
		2A920BC518EDA2FD00C7CEE7 /* Sources */ = {
			isa = PBXSourcesBuildPhase;
			buildActionMask = 2147483647;
			files = (
				2A1F577C190179490024AB16 /* NSString+APToast.m in Sources */,
				2A1F577F190179490024AB16 /* UIView+APToastStyle.m in Sources */,
				2A1F577A190179490024AB16 /* APToast.m in Sources */,
				2A920BD918EDA2FD00C7CEE7 /* main.m in Sources */,
				2A1F57821902994F0024AB16 /* APToastExampleViewController.m in Sources */,
				2A920BDD18EDA2FD00C7CEE7 /* APAppDelegate.m in Sources */,
				2A1F577D190179490024AB16 /* UIView+APToast.m in Sources */,
				2A1F577B190179490024AB16 /* APToaster.m in Sources */,
			);
			runOnlyForDeploymentPostprocessing = 0;
		};
/* End PBXSourcesBuildPhase section */

/* Begin PBXTargetDependency section */
		01D2823F22D4EF2A00D41F6E /* PBXTargetDependency */ = {
			isa = PBXTargetDependency;
			target = 01D2823322D4EF2900D41F6E /* APToast */;
			targetProxy = 01D2823E22D4EF2A00D41F6E /* PBXContainerItemProxy */;
		};
/* End PBXTargetDependency section */

/* Begin PBXVariantGroup section */
		2A920BD518EDA2FD00C7CEE7 /* InfoPlist.strings */ = {
			isa = PBXVariantGroup;
			children = (
				2A920BD618EDA2FD00C7CEE7 /* en */,
			);
			name = InfoPlist.strings;
			sourceTree = "<group>";
		};
/* End PBXVariantGroup section */

/* Begin XCBuildConfiguration section */
		01D2824522D4EF2A00D41F6E /* Debug */ = {
			isa = XCBuildConfiguration;
			buildSettings = {
				CLANG_ANALYZER_NONNULL = YES;
				CLANG_ANALYZER_NUMBER_OBJECT_CONVERSION = YES_AGGRESSIVE;
				CLANG_CXX_LANGUAGE_STANDARD = "gnu++14";
				CLANG_ENABLE_OBJC_WEAK = YES;
				CLANG_WARN_BLOCK_CAPTURE_AUTORELEASING = YES;
				CLANG_WARN_COMMA = YES;
				CLANG_WARN_DEPRECATED_OBJC_IMPLEMENTATIONS = YES;
				CLANG_WARN_DOCUMENTATION_COMMENTS = YES;
				CLANG_WARN_INFINITE_RECURSION = YES;
				CLANG_WARN_NON_LITERAL_NULL_CONVERSION = YES;
				CLANG_WARN_OBJC_IMPLICIT_RETAIN_SELF = YES;
				CLANG_WARN_OBJC_LITERAL_CONVERSION = YES;
				CLANG_WARN_RANGE_LOOP_ANALYSIS = YES;
				CLANG_WARN_STRICT_PROTOTYPES = YES;
				CLANG_WARN_SUSPICIOUS_MOVE = YES;
				CLANG_WARN_UNGUARDED_AVAILABILITY = YES_AGGRESSIVE;
				CLANG_WARN_UNREACHABLE_CODE = YES;
				CODE_SIGN_IDENTITY = "iPhone Developer";
				CODE_SIGN_STYLE = Automatic;
				CURRENT_PROJECT_VERSION = 1;
				DEBUG_INFORMATION_FORMAT = dwarf;
				DEFINES_MODULE = YES;
				DEVELOPMENT_TEAM = 6999X7WA58;
				DYLIB_COMPATIBILITY_VERSION = 1;
				DYLIB_CURRENT_VERSION = 1;
				DYLIB_INSTALL_NAME_BASE = "@rpath";
				ENABLE_STRICT_OBJC_MSGSEND = YES;
				ENABLE_TESTABILITY = YES;
				GCC_C_LANGUAGE_STANDARD = gnu11;
				GCC_NO_COMMON_BLOCKS = YES;
				INFOPLIST_FILE = "APToast Framework/Info.plist";
				INSTALL_PATH = "$(LOCAL_LIBRARY_DIR)/Frameworks";
				IPHONEOS_DEPLOYMENT_TARGET = 12.2;
				LD_RUNPATH_SEARCH_PATHS = "$(inherited) @executable_path/Frameworks @loader_path/Frameworks";
				MTL_ENABLE_DEBUG_INFO = INCLUDE_SOURCE;
				MTL_FAST_MATH = YES;
				PRODUCT_BUNDLE_IDENTIFIER = "com.pangr.APToast-Framework";
				PRODUCT_NAME = "$(TARGET_NAME:c99extidentifier)";
				SKIP_INSTALL = YES;
				TARGETED_DEVICE_FAMILY = "1,2";
				VERSIONING_SYSTEM = "apple-generic";
				VERSION_INFO_PREFIX = "";
			};
			name = Debug;
		};
		01D2824622D4EF2A00D41F6E /* Release */ = {
			isa = XCBuildConfiguration;
			buildSettings = {
				CLANG_ANALYZER_NONNULL = YES;
				CLANG_ANALYZER_NUMBER_OBJECT_CONVERSION = YES_AGGRESSIVE;
				CLANG_CXX_LANGUAGE_STANDARD = "gnu++14";
				CLANG_ENABLE_OBJC_WEAK = YES;
				CLANG_WARN_BLOCK_CAPTURE_AUTORELEASING = YES;
				CLANG_WARN_COMMA = YES;
				CLANG_WARN_DEPRECATED_OBJC_IMPLEMENTATIONS = YES;
				CLANG_WARN_DOCUMENTATION_COMMENTS = YES;
				CLANG_WARN_INFINITE_RECURSION = YES;
				CLANG_WARN_NON_LITERAL_NULL_CONVERSION = YES;
				CLANG_WARN_OBJC_IMPLICIT_RETAIN_SELF = YES;
				CLANG_WARN_OBJC_LITERAL_CONVERSION = YES;
				CLANG_WARN_RANGE_LOOP_ANALYSIS = YES;
				CLANG_WARN_STRICT_PROTOTYPES = YES;
				CLANG_WARN_SUSPICIOUS_MOVE = YES;
				CLANG_WARN_UNGUARDED_AVAILABILITY = YES_AGGRESSIVE;
				CLANG_WARN_UNREACHABLE_CODE = YES;
				CODE_SIGN_IDENTITY = "iPhone Developer";
				CODE_SIGN_STYLE = Automatic;
				COPY_PHASE_STRIP = NO;
				CURRENT_PROJECT_VERSION = 1;
				DEBUG_INFORMATION_FORMAT = "dwarf-with-dsym";
				DEFINES_MODULE = YES;
				DEVELOPMENT_TEAM = 6999X7WA58;
				DYLIB_COMPATIBILITY_VERSION = 1;
				DYLIB_CURRENT_VERSION = 1;
				DYLIB_INSTALL_NAME_BASE = "@rpath";
				ENABLE_STRICT_OBJC_MSGSEND = YES;
				GCC_C_LANGUAGE_STANDARD = gnu11;
				GCC_NO_COMMON_BLOCKS = YES;
				INFOPLIST_FILE = "APToast Framework/Info.plist";
				INSTALL_PATH = "$(LOCAL_LIBRARY_DIR)/Frameworks";
				IPHONEOS_DEPLOYMENT_TARGET = 12.2;
				LD_RUNPATH_SEARCH_PATHS = "$(inherited) @executable_path/Frameworks @loader_path/Frameworks";
				MTL_ENABLE_DEBUG_INFO = NO;
				MTL_FAST_MATH = YES;
				PRODUCT_BUNDLE_IDENTIFIER = "com.pangr.APToast-Framework";
				PRODUCT_NAME = "$(TARGET_NAME:c99extidentifier)";
				SKIP_INSTALL = YES;
				TARGETED_DEVICE_FAMILY = "1,2";
				VERSIONING_SYSTEM = "apple-generic";
				VERSION_INFO_PREFIX = "";
			};
			name = Release;
		};
		01D2824722D4EF2A00D41F6E /* Debug */ = {
			isa = XCBuildConfiguration;
			buildSettings = {
				CLANG_ANALYZER_NONNULL = YES;
				CLANG_ANALYZER_NUMBER_OBJECT_CONVERSION = YES_AGGRESSIVE;
				CLANG_CXX_LANGUAGE_STANDARD = "gnu++14";
				CLANG_ENABLE_OBJC_WEAK = YES;
				CLANG_WARN_BLOCK_CAPTURE_AUTORELEASING = YES;
				CLANG_WARN_COMMA = YES;
				CLANG_WARN_DEPRECATED_OBJC_IMPLEMENTATIONS = YES;
				CLANG_WARN_DOCUMENTATION_COMMENTS = YES;
				CLANG_WARN_INFINITE_RECURSION = YES;
				CLANG_WARN_NON_LITERAL_NULL_CONVERSION = YES;
				CLANG_WARN_OBJC_IMPLICIT_RETAIN_SELF = YES;
				CLANG_WARN_OBJC_LITERAL_CONVERSION = YES;
				CLANG_WARN_RANGE_LOOP_ANALYSIS = YES;
				CLANG_WARN_STRICT_PROTOTYPES = YES;
				CLANG_WARN_SUSPICIOUS_MOVE = YES;
				CLANG_WARN_UNGUARDED_AVAILABILITY = YES_AGGRESSIVE;
				CLANG_WARN_UNREACHABLE_CODE = YES;
				CODE_SIGN_IDENTITY = "iPhone Developer";
				CODE_SIGN_STYLE = Automatic;
				DEBUG_INFORMATION_FORMAT = dwarf;
				DEVELOPMENT_TEAM = 6999X7WA58;
				ENABLE_STRICT_OBJC_MSGSEND = YES;
				ENABLE_TESTABILITY = YES;
				GCC_C_LANGUAGE_STANDARD = gnu11;
				GCC_NO_COMMON_BLOCKS = YES;
				INFOPLIST_FILE = "APToast FrameworkTests/Info.plist";
				IPHONEOS_DEPLOYMENT_TARGET = 12.2;
				LD_RUNPATH_SEARCH_PATHS = "$(inherited) @executable_path/Frameworks @loader_path/Frameworks";
				MTL_ENABLE_DEBUG_INFO = INCLUDE_SOURCE;
				MTL_FAST_MATH = YES;
				PRODUCT_BUNDLE_IDENTIFIER = "com.pangr.APToast-FrameworkTests";
				PRODUCT_NAME = "$(TARGET_NAME)";
				TARGETED_DEVICE_FAMILY = "1,2";
			};
			name = Debug;
		};
		01D2824822D4EF2A00D41F6E /* Release */ = {
			isa = XCBuildConfiguration;
			buildSettings = {
				CLANG_ANALYZER_NONNULL = YES;
				CLANG_ANALYZER_NUMBER_OBJECT_CONVERSION = YES_AGGRESSIVE;
				CLANG_CXX_LANGUAGE_STANDARD = "gnu++14";
				CLANG_ENABLE_OBJC_WEAK = YES;
				CLANG_WARN_BLOCK_CAPTURE_AUTORELEASING = YES;
				CLANG_WARN_COMMA = YES;
				CLANG_WARN_DEPRECATED_OBJC_IMPLEMENTATIONS = YES;
				CLANG_WARN_DOCUMENTATION_COMMENTS = YES;
				CLANG_WARN_INFINITE_RECURSION = YES;
				CLANG_WARN_NON_LITERAL_NULL_CONVERSION = YES;
				CLANG_WARN_OBJC_IMPLICIT_RETAIN_SELF = YES;
				CLANG_WARN_OBJC_LITERAL_CONVERSION = YES;
				CLANG_WARN_RANGE_LOOP_ANALYSIS = YES;
				CLANG_WARN_STRICT_PROTOTYPES = YES;
				CLANG_WARN_SUSPICIOUS_MOVE = YES;
				CLANG_WARN_UNGUARDED_AVAILABILITY = YES_AGGRESSIVE;
				CLANG_WARN_UNREACHABLE_CODE = YES;
				CODE_SIGN_IDENTITY = "iPhone Developer";
				CODE_SIGN_STYLE = Automatic;
				COPY_PHASE_STRIP = NO;
				DEBUG_INFORMATION_FORMAT = "dwarf-with-dsym";
				DEVELOPMENT_TEAM = 6999X7WA58;
				ENABLE_STRICT_OBJC_MSGSEND = YES;
				GCC_C_LANGUAGE_STANDARD = gnu11;
				GCC_NO_COMMON_BLOCKS = YES;
				INFOPLIST_FILE = "APToast FrameworkTests/Info.plist";
				IPHONEOS_DEPLOYMENT_TARGET = 12.2;
				LD_RUNPATH_SEARCH_PATHS = "$(inherited) @executable_path/Frameworks @loader_path/Frameworks";
				MTL_ENABLE_DEBUG_INFO = NO;
				MTL_FAST_MATH = YES;
				PRODUCT_BUNDLE_IDENTIFIER = "com.pangr.APToast-FrameworkTests";
				PRODUCT_NAME = "$(TARGET_NAME)";
				TARGETED_DEVICE_FAMILY = "1,2";
			};
			name = Release;
		};
		2A920BF918EDA2FE00C7CEE7 /* Debug */ = {
			isa = XCBuildConfiguration;
			buildSettings = {
				ALWAYS_SEARCH_USER_PATHS = NO;
				CLANG_CXX_LANGUAGE_STANDARD = "gnu++0x";
				CLANG_CXX_LIBRARY = "libc++";
				CLANG_ENABLE_MODULES = YES;
				CLANG_ENABLE_OBJC_ARC = YES;
				CLANG_WARN_BOOL_CONVERSION = YES;
				CLANG_WARN_CONSTANT_CONVERSION = YES;
				CLANG_WARN_DIRECT_OBJC_ISA_USAGE = YES_ERROR;
				CLANG_WARN_EMPTY_BODY = YES;
				CLANG_WARN_ENUM_CONVERSION = YES;
				CLANG_WARN_INT_CONVERSION = YES;
				CLANG_WARN_OBJC_ROOT_CLASS = YES_ERROR;
				CLANG_WARN__DUPLICATE_METHOD_MATCH = YES;
				"CODE_SIGN_IDENTITY[sdk=iphoneos*]" = "iPhone Developer";
				COPY_PHASE_STRIP = NO;
				GCC_C_LANGUAGE_STANDARD = gnu99;
				GCC_DYNAMIC_NO_PIC = NO;
				GCC_OPTIMIZATION_LEVEL = 0;
				GCC_PREPROCESSOR_DEFINITIONS = (
					"DEBUG=1",
					"$(inherited)",
				);
				GCC_SYMBOLS_PRIVATE_EXTERN = NO;
				GCC_WARN_64_TO_32_BIT_CONVERSION = YES;
				GCC_WARN_ABOUT_RETURN_TYPE = YES_ERROR;
				GCC_WARN_UNDECLARED_SELECTOR = YES;
				GCC_WARN_UNINITIALIZED_AUTOS = YES_AGGRESSIVE;
				GCC_WARN_UNUSED_FUNCTION = YES;
				GCC_WARN_UNUSED_VARIABLE = YES;
				IPHONEOS_DEPLOYMENT_TARGET = 6.0;
				ONLY_ACTIVE_ARCH = YES;
				SDKROOT = iphoneos;
			};
			name = Debug;
		};
		2A920BFA18EDA2FE00C7CEE7 /* Release */ = {
			isa = XCBuildConfiguration;
			buildSettings = {
				ALWAYS_SEARCH_USER_PATHS = NO;
				CLANG_CXX_LANGUAGE_STANDARD = "gnu++0x";
				CLANG_CXX_LIBRARY = "libc++";
				CLANG_ENABLE_MODULES = YES;
				CLANG_ENABLE_OBJC_ARC = YES;
				CLANG_WARN_BOOL_CONVERSION = YES;
				CLANG_WARN_CONSTANT_CONVERSION = YES;
				CLANG_WARN_DIRECT_OBJC_ISA_USAGE = YES_ERROR;
				CLANG_WARN_EMPTY_BODY = YES;
				CLANG_WARN_ENUM_CONVERSION = YES;
				CLANG_WARN_INT_CONVERSION = YES;
				CLANG_WARN_OBJC_ROOT_CLASS = YES_ERROR;
				CLANG_WARN__DUPLICATE_METHOD_MATCH = YES;
				"CODE_SIGN_IDENTITY[sdk=iphoneos*]" = "iPhone Developer";
				COPY_PHASE_STRIP = YES;
				ENABLE_NS_ASSERTIONS = NO;
				GCC_C_LANGUAGE_STANDARD = gnu99;
				GCC_WARN_64_TO_32_BIT_CONVERSION = YES;
				GCC_WARN_ABOUT_RETURN_TYPE = YES_ERROR;
				GCC_WARN_UNDECLARED_SELECTOR = YES;
				GCC_WARN_UNINITIALIZED_AUTOS = YES_AGGRESSIVE;
				GCC_WARN_UNUSED_FUNCTION = YES;
				GCC_WARN_UNUSED_VARIABLE = YES;
				IPHONEOS_DEPLOYMENT_TARGET = 6.0;
				SDKROOT = iphoneos;
				VALIDATE_PRODUCT = YES;
			};
			name = Release;
		};
		2A920BFC18EDA2FE00C7CEE7 /* Debug */ = {
			isa = XCBuildConfiguration;
			buildSettings = {
				ASSETCATALOG_COMPILER_APPICON_NAME = AppIcon;
				ASSETCATALOG_COMPILER_LAUNCHIMAGE_NAME = LaunchImage;
				GCC_PRECOMPILE_PREFIX_HEADER = YES;
				GCC_PREFIX_HEADER = "APToast/APToast-Prefix.pch";
				INFOPLIST_FILE = "APToast/APToast-Info.plist";
				PRODUCT_NAME = "$(TARGET_NAME)";
				WRAPPER_EXTENSION = app;
			};
			name = Debug;
		};
		2A920BFD18EDA2FE00C7CEE7 /* Release */ = {
			isa = XCBuildConfiguration;
			buildSettings = {
				ASSETCATALOG_COMPILER_APPICON_NAME = AppIcon;
				ASSETCATALOG_COMPILER_LAUNCHIMAGE_NAME = LaunchImage;
				GCC_PRECOMPILE_PREFIX_HEADER = YES;
				GCC_PREFIX_HEADER = "APToast/APToast-Prefix.pch";
				INFOPLIST_FILE = "APToast/APToast-Info.plist";
				PRODUCT_NAME = "$(TARGET_NAME)";
				WRAPPER_EXTENSION = app;
			};
			name = Release;
		};
/* End XCBuildConfiguration section */

/* Begin XCConfigurationList section */
		01D2824922D4EF2A00D41F6E /* Build configuration list for PBXNativeTarget "APToast" */ = {
			isa = XCConfigurationList;
			buildConfigurations = (
				01D2824522D4EF2A00D41F6E /* Debug */,
				01D2824622D4EF2A00D41F6E /* Release */,
			);
			defaultConfigurationIsVisible = 0;
			defaultConfigurationName = Release;
		};
		01D2824A22D4EF2A00D41F6E /* Build configuration list for PBXNativeTarget "APToast FrameworkTests" */ = {
			isa = XCConfigurationList;
			buildConfigurations = (
				01D2824722D4EF2A00D41F6E /* Debug */,
				01D2824822D4EF2A00D41F6E /* Release */,
			);
			defaultConfigurationIsVisible = 0;
			defaultConfigurationName = Release;
		};
		2A920BC418EDA2FD00C7CEE7 /* Build configuration list for PBXProject "APToast" */ = {
			isa = XCConfigurationList;
			buildConfigurations = (
				2A920BF918EDA2FE00C7CEE7 /* Debug */,
				2A920BFA18EDA2FE00C7CEE7 /* Release */,
			);
			defaultConfigurationIsVisible = 0;
			defaultConfigurationName = Release;
		};
		2A920BFB18EDA2FE00C7CEE7 /* Build configuration list for PBXNativeTarget "APToast-Demo" */ = {
			isa = XCConfigurationList;
			buildConfigurations = (
				2A920BFC18EDA2FE00C7CEE7 /* Debug */,
				2A920BFD18EDA2FE00C7CEE7 /* Release */,
			);
			defaultConfigurationIsVisible = 0;
			defaultConfigurationName = Release;
		};
/* End XCConfigurationList section */
	};
	rootObject = 2A920BC118EDA2FD00C7CEE7 /* Project object */;
}
